// !$*UTF8*$!
{
	archiveVersion = 1;
	classes = {
	};
	objectVersion = 55;
	objects = {

/* Begin PBXBuildFile section */
		5406856427FFF6CF00A3A5E6 /* CGFloat.swift in Sources */ = {isa = PBXBuildFile; fileRef = 5406856327FFF6CF00A3A5E6 /* CGFloat.swift */; };
		5417C7EE280D696F0053742C /* HotMetal in Frameworks */ = {isa = PBXBuildFile; productRef = 5417C7ED280D696F0053742C /* HotMetal */; };
		5417C7F1280D6B250053742C /* RenderView.swift in Sources */ = {isa = PBXBuildFile; fileRef = 5417C7F0280D6B250053742C /* RenderView.swift */; };
		5417C7F3280D6B9C0053742C /* RenderView+ViewModel.swift in Sources */ = {isa = PBXBuildFile; fileRef = 5417C7F2280D6B9C0053742C /* RenderView+ViewModel.swift */; };
		5417C7F6280D6BFE0053742C /* EditorScene.swift in Sources */ = {isa = PBXBuildFile; fileRef = 5417C7F5280D6BFE0053742C /* EditorScene.swift */; };
		5417C7F8280D6C2D0053742C /* SaveScene.swift in Sources */ = {isa = PBXBuildFile; fileRef = 5417C7F7280D6C2D0053742C /* SaveScene.swift */; };
		5417C7FA280D6C5B0053742C /* PhotoNode.swift in Sources */ = {isa = PBXBuildFile; fileRef = 5417C7F9280D6C5B0053742C /* PhotoNode.swift */; };
		5417C7FD280D77330053742C /* SaveShader.metal in Sources */ = {isa = PBXBuildFile; fileRef = 5417C7FC280D77330053742C /* SaveShader.metal */; };
		5417C7FF280D8A330053742C /* Float.swift in Sources */ = {isa = PBXBuildFile; fileRef = 5417C7FE280D8A330053742C /* Float.swift */; };
		5417C801280DD3CD0053742C /* ProjectState.swift in Sources */ = {isa = PBXBuildFile; fileRef = 5417C800280DD3CD0053742C /* ProjectState.swift */; };
		548A6BAE27FAE2AC0005B823 /* GalleryView.swift in Sources */ = {isa = PBXBuildFile; fileRef = 548A6BAD27FAE2AC0005B823 /* GalleryView.swift */; };
		548A6BB027FAE2CB0005B823 /* GalleryView+ViewModel.swift in Sources */ = {isa = PBXBuildFile; fileRef = 548A6BAF27FAE2CB0005B823 /* GalleryView+ViewModel.swift */; };
		548A6BB227FAE2FF0005B823 /* GalleryView+Resource.swift in Sources */ = {isa = PBXBuildFile; fileRef = 548A6BB127FAE2FF0005B823 /* GalleryView+Resource.swift */; };
		548A6BB427FAE3B90005B823 /* AssetImageView.swift in Sources */ = {isa = PBXBuildFile; fileRef = 548A6BB327FAE3B90005B823 /* AssetImageView.swift */; };
		548A6BB627FB08440005B823 /* DraftImageView.swift in Sources */ = {isa = PBXBuildFile; fileRef = 548A6BB527FB08440005B823 /* DraftImageView.swift */; };
		548A6BB927FB0F8C0005B823 /* ImageCacher.swift in Sources */ = {isa = PBXBuildFile; fileRef = 548A6BB827FB0F8C0005B823 /* ImageCacher.swift */; };
		548A6BBB27FB39A40005B823 /* EditorView+Resource.swift in Sources */ = {isa = PBXBuildFile; fileRef = 548A6BBA27FB39A40005B823 /* EditorView+Resource.swift */; };
		548A6BBF27FC3E560005B823 /* AppStyle.swift in Sources */ = {isa = PBXBuildFile; fileRef = 548A6BBE27FC3E560005B823 /* AppStyle.swift */; };
		548A6BC127FC48150005B823 /* TrueEffectAppDelegate.swift in Sources */ = {isa = PBXBuildFile; fileRef = 548A6BC027FC48150005B823 /* TrueEffectAppDelegate.swift */; };
		548A6BC427FC50070005B823 /* ToolsView+TopBarItemView.swift in Sources */ = {isa = PBXBuildFile; fileRef = 548A6BC327FC50070005B823 /* ToolsView+TopBarItemView.swift */; };
		548A6BC627FC8BB10005B823 /* Color.swift in Sources */ = {isa = PBXBuildFile; fileRef = 548A6BC527FC8BB10005B823 /* Color.swift */; };
		548A6BC827FD55B30005B823 /* ToolsView.swift in Sources */ = {isa = PBXBuildFile; fileRef = 548A6BC727FD55B30005B823 /* ToolsView.swift */; };
		548A6BCA27FD587A0005B823 /* Project.swift in Sources */ = {isa = PBXBuildFile; fileRef = 548A6BC927FD587A0005B823 /* Project.swift */; };
		549BA207280E9D8400622F37 /* ResizableLine in Frameworks */ = {isa = PBXBuildFile; productRef = 549BA206280E9D8400622F37 /* ResizableLine */; };
		54CFE4F427F7643600573002 /* TrueEffectApp.swift in Sources */ = {isa = PBXBuildFile; fileRef = 54CFE4F327F7643600573002 /* TrueEffectApp.swift */; };
		54CFE4F627F7643600573002 /* ContentView.swift in Sources */ = {isa = PBXBuildFile; fileRef = 54CFE4F527F7643600573002 /* ContentView.swift */; };
		54CFE4F827F7643700573002 /* Assets.xcassets in Resources */ = {isa = PBXBuildFile; fileRef = 54CFE4F727F7643700573002 /* Assets.xcassets */; };
		54CFE4FB27F7643700573002 /* Preview Assets.xcassets in Resources */ = {isa = PBXBuildFile; fileRef = 54CFE4FA27F7643700573002 /* Preview Assets.xcassets */; };
		54CFE50427F765D900573002 /* MainView.swift in Sources */ = {isa = PBXBuildFile; fileRef = 54CFE50327F765D900573002 /* MainView.swift */; };
		54CFE50627F7665600573002 /* MainView+ViewModel.swift in Sources */ = {isa = PBXBuildFile; fileRef = 54CFE50527F7665600573002 /* MainView+ViewModel.swift */; };
		54CFE50927F766D300573002 /* PHPhotoLibrary+Access.swift in Sources */ = {isa = PBXBuildFile; fileRef = 54CFE50827F766D300573002 /* PHPhotoLibrary+Access.swift */; };
		54CFE50B27F7682B00573002 /* MainView+Resource.swift in Sources */ = {isa = PBXBuildFile; fileRef = 54CFE50A27F7682B00573002 /* MainView+Resource.swift */; };
		54CFE50E27F76C1000573002 /* PhotoShotView.swift in Sources */ = {isa = PBXBuildFile; fileRef = 54CFE50D27F76C1000573002 /* PhotoShotView.swift */; };
		54CFE51027F76C2F00573002 /* PhotoShotViewController.swift in Sources */ = {isa = PBXBuildFile; fileRef = 54CFE50F27F76C2F00573002 /* PhotoShotViewController.swift */; };
		54CFE51227F76C3F00573002 /* PhotoShotViewController+View.swift in Sources */ = {isa = PBXBuildFile; fileRef = 54CFE51127F76C3F00573002 /* PhotoShotViewController+View.swift */; };
		54CFE51427F76C4C00573002 /* CaptureProcessor.swift in Sources */ = {isa = PBXBuildFile; fileRef = 54CFE51327F76C4C00573002 /* CaptureProcessor.swift */; };
		54CFE51727F776F800573002 /* ProjectStore.swift in Sources */ = {isa = PBXBuildFile; fileRef = 54CFE51627F776F800573002 /* ProjectStore.swift */; };
		54CFE51B27F7774D00573002 /* AsyncQueue.swift in Sources */ = {isa = PBXBuildFile; fileRef = 54CFE51A27F7774D00573002 /* AsyncQueue.swift */; };
		54CFE51D27F7776600573002 /* FileStorage.swift in Sources */ = {isa = PBXBuildFile; fileRef = 54CFE51C27F7776600573002 /* FileStorage.swift */; };
		54CFE51F27F779C400573002 /* ServiceLayer.swift in Sources */ = {isa = PBXBuildFile; fileRef = 54CFE51E27F779C400573002 /* ServiceLayer.swift */; };
		54CFE52327F85C8000573002 /* EditorView.swift in Sources */ = {isa = PBXBuildFile; fileRef = 54CFE52227F85C8000573002 /* EditorView.swift */; };
		54CFE52527F85CB800573002 /* EditorView+ViewModel.swift in Sources */ = {isa = PBXBuildFile; fileRef = 54CFE52427F85CB800573002 /* EditorView+ViewModel.swift */; };
		54CFE52927F86B3E00573002 /* CVPixelBuffer.swift in Sources */ = {isa = PBXBuildFile; fileRef = 54CFE52827F86B3E00573002 /* CVPixelBuffer.swift */; };
/* End PBXBuildFile section */

/* Begin PBXFileReference section */
		5406856327FFF6CF00A3A5E6 /* CGFloat.swift */ = {isa = PBXFileReference; lastKnownFileType = sourcecode.swift; path = CGFloat.swift; sourceTree = "<group>"; };
		5417C7EC280D693C0053742C /* HotMetal */ = {isa = PBXFileReference; lastKnownFileType = wrapper; name = HotMetal; path = ../../HotMetal; sourceTree = "<group>"; };
		5417C7F0280D6B250053742C /* RenderView.swift */ = {isa = PBXFileReference; lastKnownFileType = sourcecode.swift; path = RenderView.swift; sourceTree = "<group>"; };
		5417C7F2280D6B9C0053742C /* RenderView+ViewModel.swift */ = {isa = PBXFileReference; lastKnownFileType = sourcecode.swift; path = "RenderView+ViewModel.swift"; sourceTree = "<group>"; };
		5417C7F5280D6BFE0053742C /* EditorScene.swift */ = {isa = PBXFileReference; lastKnownFileType = sourcecode.swift; path = EditorScene.swift; sourceTree = "<group>"; };
		5417C7F7280D6C2D0053742C /* SaveScene.swift */ = {isa = PBXFileReference; lastKnownFileType = sourcecode.swift; path = SaveScene.swift; sourceTree = "<group>"; };
		5417C7F9280D6C5B0053742C /* PhotoNode.swift */ = {isa = PBXFileReference; lastKnownFileType = sourcecode.swift; path = PhotoNode.swift; sourceTree = "<group>"; };
		5417C7FC280D77330053742C /* SaveShader.metal */ = {isa = PBXFileReference; lastKnownFileType = sourcecode.metal; path = SaveShader.metal; sourceTree = "<group>"; };
		5417C7FE280D8A330053742C /* Float.swift */ = {isa = PBXFileReference; lastKnownFileType = sourcecode.swift; path = Float.swift; sourceTree = "<group>"; };
		5417C800280DD3CD0053742C /* ProjectState.swift */ = {isa = PBXFileReference; lastKnownFileType = sourcecode.swift; path = ProjectState.swift; sourceTree = "<group>"; };
		548A6BAD27FAE2AC0005B823 /* GalleryView.swift */ = {isa = PBXFileReference; lastKnownFileType = sourcecode.swift; path = GalleryView.swift; sourceTree = "<group>"; };
		548A6BAF27FAE2CB0005B823 /* GalleryView+ViewModel.swift */ = {isa = PBXFileReference; lastKnownFileType = sourcecode.swift; path = "GalleryView+ViewModel.swift"; sourceTree = "<group>"; };
		548A6BB127FAE2FF0005B823 /* GalleryView+Resource.swift */ = {isa = PBXFileReference; lastKnownFileType = sourcecode.swift; path = "GalleryView+Resource.swift"; sourceTree = "<group>"; };
		548A6BB327FAE3B90005B823 /* AssetImageView.swift */ = {isa = PBXFileReference; lastKnownFileType = sourcecode.swift; path = AssetImageView.swift; sourceTree = "<group>"; };
		548A6BB527FB08440005B823 /* DraftImageView.swift */ = {isa = PBXFileReference; lastKnownFileType = sourcecode.swift; path = DraftImageView.swift; sourceTree = "<group>"; };
		548A6BB827FB0F8C0005B823 /* ImageCacher.swift */ = {isa = PBXFileReference; lastKnownFileType = sourcecode.swift; path = ImageCacher.swift; sourceTree = "<group>"; };
		548A6BBA27FB39A40005B823 /* EditorView+Resource.swift */ = {isa = PBXFileReference; lastKnownFileType = sourcecode.swift; path = "EditorView+Resource.swift"; sourceTree = "<group>"; };
		548A6BBE27FC3E560005B823 /* AppStyle.swift */ = {isa = PBXFileReference; lastKnownFileType = sourcecode.swift; path = AppStyle.swift; sourceTree = "<group>"; };
		548A6BC027FC48150005B823 /* TrueEffectAppDelegate.swift */ = {isa = PBXFileReference; lastKnownFileType = sourcecode.swift; path = TrueEffectAppDelegate.swift; sourceTree = "<group>"; };
		548A6BC327FC50070005B823 /* ToolsView+TopBarItemView.swift */ = {isa = PBXFileReference; lastKnownFileType = sourcecode.swift; path = "ToolsView+TopBarItemView.swift"; sourceTree = "<group>"; };
		548A6BC527FC8BB10005B823 /* Color.swift */ = {isa = PBXFileReference; lastKnownFileType = sourcecode.swift; path = Color.swift; sourceTree = "<group>"; };
		548A6BC727FD55B30005B823 /* ToolsView.swift */ = {isa = PBXFileReference; lastKnownFileType = sourcecode.swift; path = ToolsView.swift; sourceTree = "<group>"; };
		548A6BC927FD587A0005B823 /* Project.swift */ = {isa = PBXFileReference; lastKnownFileType = sourcecode.swift; path = Project.swift; sourceTree = "<group>"; };
		549BA205280E9D7700622F37 /* ResizableLine */ = {isa = PBXFileReference; lastKnownFileType = wrapper; name = ResizableLine; path = ../../ResizableLine; sourceTree = "<group>"; };
		54CFE4F027F7643600573002 /* TrueEffect.app */ = {isa = PBXFileReference; explicitFileType = wrapper.application; includeInIndex = 0; path = TrueEffect.app; sourceTree = BUILT_PRODUCTS_DIR; };
		54CFE4F327F7643600573002 /* TrueEffectApp.swift */ = {isa = PBXFileReference; lastKnownFileType = sourcecode.swift; path = TrueEffectApp.swift; sourceTree = "<group>"; };
		54CFE4F527F7643600573002 /* ContentView.swift */ = {isa = PBXFileReference; lastKnownFileType = sourcecode.swift; path = ContentView.swift; sourceTree = "<group>"; };
		54CFE4F727F7643700573002 /* Assets.xcassets */ = {isa = PBXFileReference; lastKnownFileType = folder.assetcatalog; path = Assets.xcassets; sourceTree = "<group>"; };
		54CFE4FA27F7643700573002 /* Preview Assets.xcassets */ = {isa = PBXFileReference; lastKnownFileType = folder.assetcatalog; path = "Preview Assets.xcassets"; sourceTree = "<group>"; };
		54CFE50327F765D900573002 /* MainView.swift */ = {isa = PBXFileReference; lastKnownFileType = sourcecode.swift; path = MainView.swift; sourceTree = "<group>"; };
		54CFE50527F7665600573002 /* MainView+ViewModel.swift */ = {isa = PBXFileReference; lastKnownFileType = sourcecode.swift; path = "MainView+ViewModel.swift"; sourceTree = "<group>"; };
		54CFE50827F766D300573002 /* PHPhotoLibrary+Access.swift */ = {isa = PBXFileReference; lastKnownFileType = sourcecode.swift; path = "PHPhotoLibrary+Access.swift"; sourceTree = "<group>"; };
		54CFE50A27F7682B00573002 /* MainView+Resource.swift */ = {isa = PBXFileReference; lastKnownFileType = sourcecode.swift; path = "MainView+Resource.swift"; sourceTree = "<group>"; };
		54CFE50D27F76C1000573002 /* PhotoShotView.swift */ = {isa = PBXFileReference; lastKnownFileType = sourcecode.swift; path = PhotoShotView.swift; sourceTree = "<group>"; };
		54CFE50F27F76C2F00573002 /* PhotoShotViewController.swift */ = {isa = PBXFileReference; lastKnownFileType = sourcecode.swift; path = PhotoShotViewController.swift; sourceTree = "<group>"; };
		54CFE51127F76C3F00573002 /* PhotoShotViewController+View.swift */ = {isa = PBXFileReference; lastKnownFileType = sourcecode.swift; path = "PhotoShotViewController+View.swift"; sourceTree = "<group>"; };
		54CFE51327F76C4C00573002 /* CaptureProcessor.swift */ = {isa = PBXFileReference; lastKnownFileType = sourcecode.swift; path = CaptureProcessor.swift; sourceTree = "<group>"; };
		54CFE51627F776F800573002 /* ProjectStore.swift */ = {isa = PBXFileReference; lastKnownFileType = sourcecode.swift; path = ProjectStore.swift; sourceTree = "<group>"; };
		54CFE51A27F7774D00573002 /* AsyncQueue.swift */ = {isa = PBXFileReference; lastKnownFileType = sourcecode.swift; path = AsyncQueue.swift; sourceTree = "<group>"; };
		54CFE51C27F7776600573002 /* FileStorage.swift */ = {isa = PBXFileReference; lastKnownFileType = sourcecode.swift; path = FileStorage.swift; sourceTree = "<group>"; };
		54CFE51E27F779C400573002 /* ServiceLayer.swift */ = {isa = PBXFileReference; lastKnownFileType = sourcecode.swift; path = ServiceLayer.swift; sourceTree = "<group>"; };
		54CFE52227F85C8000573002 /* EditorView.swift */ = {isa = PBXFileReference; lastKnownFileType = sourcecode.swift; path = EditorView.swift; sourceTree = "<group>"; };
		54CFE52427F85CB800573002 /* EditorView+ViewModel.swift */ = {isa = PBXFileReference; lastKnownFileType = sourcecode.swift; path = "EditorView+ViewModel.swift"; sourceTree = "<group>"; };
		54CFE52827F86B3E00573002 /* CVPixelBuffer.swift */ = {isa = PBXFileReference; lastKnownFileType = sourcecode.swift; path = CVPixelBuffer.swift; sourceTree = "<group>"; };
/* End PBXFileReference section */

/* Begin PBXFrameworksBuildPhase section */
		54CFE4ED27F7643600573002 /* Frameworks */ = {
			isa = PBXFrameworksBuildPhase;
			buildActionMask = 2147483647;
			files = (
				549BA207280E9D8400622F37 /* ResizableLine in Frameworks */,
				5417C7EE280D696F0053742C /* HotMetal in Frameworks */,
			);
			runOnlyForDeploymentPostprocessing = 0;
		};
/* End PBXFrameworksBuildPhase section */

/* Begin PBXGroup section */
		5417C7EB280D693C0053742C /* Packages */ = {
			isa = PBXGroup;
			children = (
				5417C7EC280D693C0053742C /* HotMetal */,
				549BA205280E9D7700622F37 /* ResizableLine */,
			);
			name = Packages;
			sourceTree = "<group>";
		};
		5417C7EF280D6B070053742C /* RenderView */ = {
			isa = PBXGroup;
			children = (
				5417C7FB280D77220053742C /* Shader */,
				5417C7F4280D6BE40053742C /* Scene */,
				5417C7F0280D6B250053742C /* RenderView.swift */,
				5417C7F2280D6B9C0053742C /* RenderView+ViewModel.swift */,
			);
			path = RenderView;
			sourceTree = "<group>";
		};
		5417C7F4280D6BE40053742C /* Scene */ = {
			isa = PBXGroup;
			children = (
				5417C7F5280D6BFE0053742C /* EditorScene.swift */,
				5417C7F7280D6C2D0053742C /* SaveScene.swift */,
				5417C7F9280D6C5B0053742C /* PhotoNode.swift */,
			);
			path = Scene;
			sourceTree = "<group>";
		};
		5417C7FB280D77220053742C /* Shader */ = {
			isa = PBXGroup;
			children = (
				5417C7FC280D77330053742C /* SaveShader.metal */,
			);
			path = Shader;
			sourceTree = "<group>";
		};
		54608B5C27FE0EA900153FC3 /* Frameworks */ = {
			isa = PBXGroup;
			children = (
			);
			name = Frameworks;
			sourceTree = "<group>";
		};
		548A6BAC27FAE2670005B823 /* Gallery */ = {
			isa = PBXGroup;
			children = (
				548A6BAD27FAE2AC0005B823 /* GalleryView.swift */,
				548A6BAF27FAE2CB0005B823 /* GalleryView+ViewModel.swift */,
				548A6BB127FAE2FF0005B823 /* GalleryView+Resource.swift */,
				548A6BB327FAE3B90005B823 /* AssetImageView.swift */,
			);
			path = Gallery;
			sourceTree = "<group>";
		};
		548A6BB727FB0F810005B823 /* Image */ = {
			isa = PBXGroup;
			children = (
				548A6BB827FB0F8C0005B823 /* ImageCacher.swift */,
			);
			path = Image;
			sourceTree = "<group>";
		};
		548A6BC227FC4FE20005B823 /* Tools */ = {
			isa = PBXGroup;
			children = (
				548A6BC727FD55B30005B823 /* ToolsView.swift */,
				548A6BC327FC50070005B823 /* ToolsView+TopBarItemView.swift */,
			);
			path = Tools;
			sourceTree = "<group>";
		};
		54CFE4E727F7643600573002 = {
			isa = PBXGroup;
			children = (
				5417C7EB280D693C0053742C /* Packages */,
				54CFE4F227F7643600573002 /* Shared */,
				54CFE4F127F7643600573002 /* Products */,
				54608B5C27FE0EA900153FC3 /* Frameworks */,
			);
			sourceTree = "<group>";
		};
		54CFE4F127F7643600573002 /* Products */ = {
			isa = PBXGroup;
			children = (
				54CFE4F027F7643600573002 /* TrueEffect.app */,
			);
			name = Products;
			sourceTree = "<group>";
		};
		54CFE4F227F7643600573002 /* Shared */ = {
			isa = PBXGroup;
			children = (
				54CFE51527F776D300573002 /* Service */,
				54CFE50727F766C000573002 /* Extension */,
				54CFE50127F7647700573002 /* AppFlow */,
				54CFE4F327F7643600573002 /* TrueEffectApp.swift */,
				548A6BC027FC48150005B823 /* TrueEffectAppDelegate.swift */,
				54CFE4F527F7643600573002 /* ContentView.swift */,
				54CFE4F727F7643700573002 /* Assets.xcassets */,
				54CFE4F927F7643700573002 /* Preview Content */,
			);
			path = Shared;
			sourceTree = "<group>";
		};
		54CFE4F927F7643700573002 /* Preview Content */ = {
			isa = PBXGroup;
			children = (
				54CFE4FA27F7643700573002 /* Preview Assets.xcassets */,
			);
			path = "Preview Content";
			sourceTree = "<group>";
		};
		54CFE50127F7647700573002 /* AppFlow */ = {
			isa = PBXGroup;
			children = (
				54CFE50227F765B800573002 /* Main */,
				54CFE52027F85C5500573002 /* Editor */,
				548A6BBE27FC3E560005B823 /* AppStyle.swift */,
			);
			path = AppFlow;
			sourceTree = "<group>";
		};
		54CFE50227F765B800573002 /* Main */ = {
			isa = PBXGroup;
			children = (
				54CFE52127F85C6500573002 /* Sheet */,
				54CFE50327F765D900573002 /* MainView.swift */,
				54CFE50527F7665600573002 /* MainView+ViewModel.swift */,
				54CFE50A27F7682B00573002 /* MainView+Resource.swift */,
				548A6BB527FB08440005B823 /* DraftImageView.swift */,
			);
			path = Main;
			sourceTree = "<group>";
		};
		54CFE50727F766C000573002 /* Extension */ = {
			isa = PBXGroup;
			children = (
				54CFE50827F766D300573002 /* PHPhotoLibrary+Access.swift */,
				54CFE52827F86B3E00573002 /* CVPixelBuffer.swift */,
				548A6BC527FC8BB10005B823 /* Color.swift */,
				5406856327FFF6CF00A3A5E6 /* CGFloat.swift */,
				5417C7FE280D8A330053742C /* Float.swift */,
			);
			path = Extension;
			sourceTree = "<group>";
		};
		54CFE50C27F76BF900573002 /* PhotoShot */ = {
			isa = PBXGroup;
			children = (
				54CFE50D27F76C1000573002 /* PhotoShotView.swift */,
				54CFE50F27F76C2F00573002 /* PhotoShotViewController.swift */,
				54CFE51127F76C3F00573002 /* PhotoShotViewController+View.swift */,
				54CFE51327F76C4C00573002 /* CaptureProcessor.swift */,
			);
			path = PhotoShot;
			sourceTree = "<group>";
		};
		54CFE51527F776D300573002 /* Service */ = {
			isa = PBXGroup;
			children = (
				548A6BB727FB0F810005B823 /* Image */,
				54CFE51927F7773800573002 /* File */,
				54CFE51827F7770400573002 /* Draft */,
				54CFE51E27F779C400573002 /* ServiceLayer.swift */,
			);
			path = Service;
			sourceTree = "<group>";
		};
		54CFE51827F7770400573002 /* Draft */ = {
			isa = PBXGroup;
			children = (
				54CFE51627F776F800573002 /* ProjectStore.swift */,
			);
			path = Draft;
			sourceTree = "<group>";
		};
		54CFE51927F7773800573002 /* File */ = {
			isa = PBXGroup;
			children = (
				54CFE51A27F7774D00573002 /* AsyncQueue.swift */,
				54CFE51C27F7776600573002 /* FileStorage.swift */,
			);
			path = File;
			sourceTree = "<group>";
		};
		54CFE52027F85C5500573002 /* Editor */ = {
			isa = PBXGroup;
			children = (
				5417C7EF280D6B070053742C /* RenderView */,
				548A6BC227FC4FE20005B823 /* Tools */,
				54CFE52227F85C8000573002 /* EditorView.swift */,
				54CFE52427F85CB800573002 /* EditorView+ViewModel.swift */,
				548A6BBA27FB39A40005B823 /* EditorView+Resource.swift */,
				548A6BC927FD587A0005B823 /* Project.swift */,
				5417C800280DD3CD0053742C /* ProjectState.swift */,
			);
			path = Editor;
			sourceTree = "<group>";
		};
		54CFE52127F85C6500573002 /* Sheet */ = {
			isa = PBXGroup;
			children = (
				548A6BAC27FAE2670005B823 /* Gallery */,
				54CFE50C27F76BF900573002 /* PhotoShot */,
			);
			path = Sheet;
			sourceTree = "<group>";
		};
/* End PBXGroup section */

/* Begin PBXNativeTarget section */
		54CFE4EF27F7643600573002 /* TrueEffect */ = {
			isa = PBXNativeTarget;
			buildConfigurationList = 54CFE4FE27F7643700573002 /* Build configuration list for PBXNativeTarget "TrueEffect" */;
			buildPhases = (
				54CFE4EC27F7643600573002 /* Sources */,
				54CFE4ED27F7643600573002 /* Frameworks */,
				54CFE4EE27F7643600573002 /* Resources */,
			);
			buildRules = (
			);
			dependencies = (
			);
			name = TrueEffect;
			packageProductDependencies = (
				5417C7ED280D696F0053742C /* HotMetal */,
				549BA206280E9D8400622F37 /* ResizableLine */,
			);
			productName = TrueEffect;
			productReference = 54CFE4F027F7643600573002 /* TrueEffect.app */;
			productType = "com.apple.product-type.application";
		};
/* End PBXNativeTarget section */

/* Begin PBXProject section */
		54CFE4E827F7643600573002 /* Project object */ = {
			isa = PBXProject;
			attributes = {
				BuildIndependentTargetsInParallel = 1;
				LastSwiftUpdateCheck = 1330;
				LastUpgradeCheck = 1330;
				TargetAttributes = {
					54CFE4EF27F7643600573002 = {
						CreatedOnToolsVersion = 13.3;
					};
				};
			};
			buildConfigurationList = 54CFE4EB27F7643600573002 /* Build configuration list for PBXProject "TrueEffect" */;
			compatibilityVersion = "Xcode 13.0";
			developmentRegion = en;
			hasScannedForEncodings = 0;
			knownRegions = (
				en,
				Base,
			);
			mainGroup = 54CFE4E727F7643600573002;
			packageReferences = (
			);
			productRefGroup = 54CFE4F127F7643600573002 /* Products */;
			projectDirPath = "";
			projectRoot = "";
			targets = (
				54CFE4EF27F7643600573002 /* TrueEffect */,
			);
		};
/* End PBXProject section */

/* Begin PBXResourcesBuildPhase section */
		54CFE4EE27F7643600573002 /* Resources */ = {
			isa = PBXResourcesBuildPhase;
			buildActionMask = 2147483647;
			files = (
				54CFE4FB27F7643700573002 /* Preview Assets.xcassets in Resources */,
				54CFE4F827F7643700573002 /* Assets.xcassets in Resources */,
			);
			runOnlyForDeploymentPostprocessing = 0;
		};
/* End PBXResourcesBuildPhase section */

/* Begin PBXSourcesBuildPhase section */
		54CFE4EC27F7643600573002 /* Sources */ = {
			isa = PBXSourcesBuildPhase;
			buildActionMask = 2147483647;
			files = (
				54CFE50927F766D300573002 /* PHPhotoLibrary+Access.swift in Sources */,
				54CFE50B27F7682B00573002 /* MainView+Resource.swift in Sources */,
				5417C7F1280D6B250053742C /* RenderView.swift in Sources */,
				54CFE4F627F7643600573002 /* ContentView.swift in Sources */,
				5417C7F8280D6C2D0053742C /* SaveScene.swift in Sources */,
				54CFE50427F765D900573002 /* MainView.swift in Sources */,
				548A6BC427FC50070005B823 /* ToolsView+TopBarItemView.swift in Sources */,
				548A6BC827FD55B30005B823 /* ToolsView.swift in Sources */,
				54CFE50627F7665600573002 /* MainView+ViewModel.swift in Sources */,
				5417C7FD280D77330053742C /* SaveShader.metal in Sources */,
				54CFE51727F776F800573002 /* ProjectStore.swift in Sources */,
				54CFE51D27F7776600573002 /* FileStorage.swift in Sources */,
				548A6BAE27FAE2AC0005B823 /* GalleryView.swift in Sources */,
				548A6BC627FC8BB10005B823 /* Color.swift in Sources */,
				54CFE51B27F7774D00573002 /* AsyncQueue.swift in Sources */,
				548A6BBB27FB39A40005B823 /* EditorView+Resource.swift in Sources */,
				54CFE4F427F7643600573002 /* TrueEffectApp.swift in Sources */,
				5417C7FA280D6C5B0053742C /* PhotoNode.swift in Sources */,
				54CFE52327F85C8000573002 /* EditorView.swift in Sources */,
				548A6BCA27FD587A0005B823 /* Project.swift in Sources */,
				548A6BB927FB0F8C0005B823 /* ImageCacher.swift in Sources */,
				548A6BB227FAE2FF0005B823 /* GalleryView+Resource.swift in Sources */,
				54CFE52927F86B3E00573002 /* CVPixelBuffer.swift in Sources */,
				5417C801280DD3CD0053742C /* ProjectState.swift in Sources */,
				54CFE50E27F76C1000573002 /* PhotoShotView.swift in Sources */,
				5417C7F6280D6BFE0053742C /* EditorScene.swift in Sources */,
				54CFE51427F76C4C00573002 /* CaptureProcessor.swift in Sources */,
				54CFE51227F76C3F00573002 /* PhotoShotViewController+View.swift in Sources */,
				548A6BB427FAE3B90005B823 /* AssetImageView.swift in Sources */,
				54CFE51027F76C2F00573002 /* PhotoShotViewController.swift in Sources */,
				548A6BB627FB08440005B823 /* DraftImageView.swift in Sources */,
				5417C7F3280D6B9C0053742C /* RenderView+ViewModel.swift in Sources */,
				548A6BBF27FC3E560005B823 /* AppStyle.swift in Sources */,
				5417C7FF280D8A330053742C /* Float.swift in Sources */,
				5406856427FFF6CF00A3A5E6 /* CGFloat.swift in Sources */,
				54CFE52527F85CB800573002 /* EditorView+ViewModel.swift in Sources */,
				548A6BC127FC48150005B823 /* TrueEffectAppDelegate.swift in Sources */,
				548A6BB027FAE2CB0005B823 /* GalleryView+ViewModel.swift in Sources */,
				54CFE51F27F779C400573002 /* ServiceLayer.swift in Sources */,
			);
			runOnlyForDeploymentPostprocessing = 0;
		};
/* End PBXSourcesBuildPhase section */

/* Begin XCBuildConfiguration section */
		54CFE4FC27F7643700573002 /* Debug */ = {
			isa = XCBuildConfiguration;
			buildSettings = {
				ALWAYS_SEARCH_USER_PATHS = NO;
				CLANG_ANALYZER_NONNULL = YES;
				CLANG_ANALYZER_NUMBER_OBJECT_CONVERSION = YES_AGGRESSIVE;
				CLANG_CXX_LANGUAGE_STANDARD = "gnu++17";
				CLANG_ENABLE_MODULES = YES;
				CLANG_ENABLE_OBJC_ARC = YES;
				CLANG_ENABLE_OBJC_WEAK = YES;
				CLANG_WARN_BLOCK_CAPTURE_AUTORELEASING = YES;
				CLANG_WARN_BOOL_CONVERSION = YES;
				CLANG_WARN_COMMA = YES;
				CLANG_WARN_CONSTANT_CONVERSION = YES;
				CLANG_WARN_DEPRECATED_OBJC_IMPLEMENTATIONS = YES;
				CLANG_WARN_DIRECT_OBJC_ISA_USAGE = YES_ERROR;
				CLANG_WARN_DOCUMENTATION_COMMENTS = YES;
				CLANG_WARN_EMPTY_BODY = YES;
				CLANG_WARN_ENUM_CONVERSION = YES;
				CLANG_WARN_INFINITE_RECURSION = YES;
				CLANG_WARN_INT_CONVERSION = YES;
				CLANG_WARN_NON_LITERAL_NULL_CONVERSION = YES;
				CLANG_WARN_OBJC_IMPLICIT_RETAIN_SELF = YES;
				CLANG_WARN_OBJC_LITERAL_CONVERSION = YES;
				CLANG_WARN_OBJC_ROOT_CLASS = YES_ERROR;
				CLANG_WARN_QUOTED_INCLUDE_IN_FRAMEWORK_HEADER = YES;
				CLANG_WARN_RANGE_LOOP_ANALYSIS = YES;
				CLANG_WARN_STRICT_PROTOTYPES = YES;
				CLANG_WARN_SUSPICIOUS_MOVE = YES;
				CLANG_WARN_UNGUARDED_AVAILABILITY = YES_AGGRESSIVE;
				CLANG_WARN_UNREACHABLE_CODE = YES;
				CLANG_WARN__DUPLICATE_METHOD_MATCH = YES;
				COPY_PHASE_STRIP = NO;
				DEBUG_INFORMATION_FORMAT = dwarf;
				ENABLE_STRICT_OBJC_MSGSEND = YES;
				ENABLE_TESTABILITY = YES;
				GCC_C_LANGUAGE_STANDARD = gnu11;
				GCC_DYNAMIC_NO_PIC = NO;
				GCC_NO_COMMON_BLOCKS = YES;
				GCC_OPTIMIZATION_LEVEL = 0;
				GCC_PREPROCESSOR_DEFINITIONS = (
					"DEBUG=1",
					"$(inherited)",
				);
				GCC_WARN_64_TO_32_BIT_CONVERSION = YES;
				GCC_WARN_ABOUT_RETURN_TYPE = YES_ERROR;
				GCC_WARN_UNDECLARED_SELECTOR = YES;
				GCC_WARN_UNINITIALIZED_AUTOS = YES_AGGRESSIVE;
				GCC_WARN_UNUSED_FUNCTION = YES;
				GCC_WARN_UNUSED_VARIABLE = YES;
				IPHONEOS_DEPLOYMENT_TARGET = 15.4;
				MTL_ENABLE_DEBUG_INFO = INCLUDE_SOURCE;
				MTL_FAST_MATH = YES;
				ONLY_ACTIVE_ARCH = YES;
				SDKROOT = iphoneos;
				SWIFT_ACTIVE_COMPILATION_CONDITIONS = DEBUG;
				SWIFT_OPTIMIZATION_LEVEL = "-Onone";
			};
			name = Debug;
		};
		54CFE4FD27F7643700573002 /* Release */ = {
			isa = XCBuildConfiguration;
			buildSettings = {
				ALWAYS_SEARCH_USER_PATHS = NO;
				CLANG_ANALYZER_NONNULL = YES;
				CLANG_ANALYZER_NUMBER_OBJECT_CONVERSION = YES_AGGRESSIVE;
				CLANG_CXX_LANGUAGE_STANDARD = "gnu++17";
				CLANG_ENABLE_MODULES = YES;
				CLANG_ENABLE_OBJC_ARC = YES;
				CLANG_ENABLE_OBJC_WEAK = YES;
				CLANG_WARN_BLOCK_CAPTURE_AUTORELEASING = YES;
				CLANG_WARN_BOOL_CONVERSION = YES;
				CLANG_WARN_COMMA = YES;
				CLANG_WARN_CONSTANT_CONVERSION = YES;
				CLANG_WARN_DEPRECATED_OBJC_IMPLEMENTATIONS = YES;
				CLANG_WARN_DIRECT_OBJC_ISA_USAGE = YES_ERROR;
				CLANG_WARN_DOCUMENTATION_COMMENTS = YES;
				CLANG_WARN_EMPTY_BODY = YES;
				CLANG_WARN_ENUM_CONVERSION = YES;
				CLANG_WARN_INFINITE_RECURSION = YES;
				CLANG_WARN_INT_CONVERSION = YES;
				CLANG_WARN_NON_LITERAL_NULL_CONVERSION = YES;
				CLANG_WARN_OBJC_IMPLICIT_RETAIN_SELF = YES;
				CLANG_WARN_OBJC_LITERAL_CONVERSION = YES;
				CLANG_WARN_OBJC_ROOT_CLASS = YES_ERROR;
				CLANG_WARN_QUOTED_INCLUDE_IN_FRAMEWORK_HEADER = YES;
				CLANG_WARN_RANGE_LOOP_ANALYSIS = YES;
				CLANG_WARN_STRICT_PROTOTYPES = YES;
				CLANG_WARN_SUSPICIOUS_MOVE = YES;
				CLANG_WARN_UNGUARDED_AVAILABILITY = YES_AGGRESSIVE;
				CLANG_WARN_UNREACHABLE_CODE = YES;
				CLANG_WARN__DUPLICATE_METHOD_MATCH = YES;
				COPY_PHASE_STRIP = NO;
				DEBUG_INFORMATION_FORMAT = "dwarf-with-dsym";
				ENABLE_NS_ASSERTIONS = NO;
				ENABLE_STRICT_OBJC_MSGSEND = YES;
				GCC_C_LANGUAGE_STANDARD = gnu11;
				GCC_NO_COMMON_BLOCKS = YES;
				GCC_WARN_64_TO_32_BIT_CONVERSION = YES;
				GCC_WARN_ABOUT_RETURN_TYPE = YES_ERROR;
				GCC_WARN_UNDECLARED_SELECTOR = YES;
				GCC_WARN_UNINITIALIZED_AUTOS = YES_AGGRESSIVE;
				GCC_WARN_UNUSED_FUNCTION = YES;
				GCC_WARN_UNUSED_VARIABLE = YES;
				IPHONEOS_DEPLOYMENT_TARGET = 15.4;
				MTL_ENABLE_DEBUG_INFO = NO;
				MTL_FAST_MATH = YES;
				SDKROOT = iphoneos;
				SWIFT_COMPILATION_MODE = wholemodule;
				SWIFT_OPTIMIZATION_LEVEL = "-O";
				VALIDATE_PRODUCT = YES;
			};
			name = Release;
		};
		54CFE4FF27F7643700573002 /* Debug */ = {
			isa = XCBuildConfiguration;
			buildSettings = {
				ASSETCATALOG_COMPILER_APPICON_NAME = AppIcon;
				ASSETCATALOG_COMPILER_GLOBAL_ACCENT_COLOR_NAME = AccentColor;
				CODE_SIGN_STYLE = Automatic;
				CURRENT_PROJECT_VERSION = 1;
				DEVELOPMENT_ASSET_PATHS = "\"TrueEffect/Preview Content\"";
				DEVELOPMENT_TEAM = HPV9E52JPX;
				ENABLE_PREVIEWS = YES;
				GENERATE_INFOPLIST_FILE = YES;
				INFOPLIST_KEY_NSCameraUsageDescription = "Shot Photos";
				INFOPLIST_KEY_NSPhotoLibraryUsageDescription = "Pick Photos";
				INFOPLIST_KEY_UIApplicationSceneManifest_Generation = YES;
				INFOPLIST_KEY_UIApplicationSupportsIndirectInputEvents = YES;
				INFOPLIST_KEY_UILaunchScreen_Generation = YES;
				INFOPLIST_KEY_UISupportedInterfaceOrientations_iPad = "UIInterfaceOrientationPortrait UIInterfaceOrientationPortraitUpsideDown UIInterfaceOrientationLandscapeLeft UIInterfaceOrientationLandscapeRight";
				INFOPLIST_KEY_UISupportedInterfaceOrientations_iPhone = "UIInterfaceOrientationPortrait UIInterfaceOrientationLandscapeLeft UIInterfaceOrientationLandscapeRight";
				LD_RUNPATH_SEARCH_PATHS = (
					"$(inherited)",
					"@executable_path/Frameworks",
				);
				MARKETING_VERSION = 1.0;
				PRODUCT_BUNDLE_IDENTIFIER = com.weakteam.TrueEffect;
				PRODUCT_NAME = "$(TARGET_NAME)";
				SWIFT_EMIT_LOC_STRINGS = YES;
				SWIFT_VERSION = 5.0;
				TARGETED_DEVICE_FAMILY = "1,2";
			};
			name = Debug;
		};
		54CFE50027F7643700573002 /* Release */ = {
			isa = XCBuildConfiguration;
			buildSettings = {
				ASSETCATALOG_COMPILER_APPICON_NAME = AppIcon;
				ASSETCATALOG_COMPILER_GLOBAL_ACCENT_COLOR_NAME = AccentColor;
				CODE_SIGN_STYLE = Automatic;
				CURRENT_PROJECT_VERSION = 1;
				DEVELOPMENT_ASSET_PATHS = "\"TrueEffect/Preview Content\"";
				DEVELOPMENT_TEAM = HPV9E52JPX;
				ENABLE_PREVIEWS = YES;
				GENERATE_INFOPLIST_FILE = YES;
				INFOPLIST_KEY_NSCameraUsageDescription = "Shot Photos";
				INFOPLIST_KEY_NSPhotoLibraryUsageDescription = "Pick Photos";
				INFOPLIST_KEY_UIApplicationSceneManifest_Generation = YES;
				INFOPLIST_KEY_UIApplicationSupportsIndirectInputEvents = YES;
				INFOPLIST_KEY_UILaunchScreen_Generation = YES;
				INFOPLIST_KEY_UISupportedInterfaceOrientations_iPad = "UIInterfaceOrientationPortrait UIInterfaceOrientationPortraitUpsideDown UIInterfaceOrientationLandscapeLeft UIInterfaceOrientationLandscapeRight";
				INFOPLIST_KEY_UISupportedInterfaceOrientations_iPhone = "UIInterfaceOrientationPortrait UIInterfaceOrientationLandscapeLeft UIInterfaceOrientationLandscapeRight";
				LD_RUNPATH_SEARCH_PATHS = (
					"$(inherited)",
					"@executable_path/Frameworks",
				);
				MARKETING_VERSION = 1.0;
				PRODUCT_BUNDLE_IDENTIFIER = com.weakteam.TrueEffect;
				PRODUCT_NAME = "$(TARGET_NAME)";
				SWIFT_EMIT_LOC_STRINGS = YES;
				SWIFT_VERSION = 5.0;
				TARGETED_DEVICE_FAMILY = "1,2";
			};
			name = Release;
		};
/* End XCBuildConfiguration section */

/* Begin XCConfigurationList section */
		54CFE4EB27F7643600573002 /* Build configuration list for PBXProject "TrueEffect" */ = {
			isa = XCConfigurationList;
			buildConfigurations = (
				54CFE4FC27F7643700573002 /* Debug */,
				54CFE4FD27F7643700573002 /* Release */,
			);
			defaultConfigurationIsVisible = 0;
			defaultConfigurationName = Release;
		};
		54CFE4FE27F7643700573002 /* Build configuration list for PBXNativeTarget "TrueEffect" */ = {
			isa = XCConfigurationList;
			buildConfigurations = (
				54CFE4FF27F7643700573002 /* Debug */,
				54CFE50027F7643700573002 /* Release */,
			);
			defaultConfigurationIsVisible = 0;
			defaultConfigurationName = Release;
		};
/* End XCConfigurationList section */

/* Begin XCSwiftPackageProductDependency section */
		5417C7ED280D696F0053742C /* HotMetal */ = {
			isa = XCSwiftPackageProductDependency;
			productName = HotMetal;
		};
		549BA206280E9D8400622F37 /* ResizableLine */ = {
			isa = XCSwiftPackageProductDependency;
			productName = ResizableLine;
		};
/* End XCSwiftPackageProductDependency section */
	};
	rootObject = 54CFE4E827F7643600573002 /* Project object */;
}
